
Microsoft Visual Studio Solution File, Format Version 12.00
# Visual Studio Version 17
VisualStudioVersion = 17.3.32819.101
MinimumVisualStudioVersion = 10.0.40219.1
Project("{F184B08F-C81C-45F6-A57F-5ABD9991F28F}") = "Sean-e's 3x+1 Solver", "Sean-e's 3x+1 Solver\Sean-e's 3x+1 Solver.vbproj", "{A5CD8EC8-4F0D-4476-8C54-5A0E73324E23}"
EndProject
Global
	GlobalSection(SolutionConfigurationPlatforms) = preSolution
		Debug|Any CPU = Debug|Any CPU
		Release|Any CPU = Release|Any CPU
	EndGlobalSection
	GlobalSection(ProjectConfigurationPlatforms) = postSolution
		{A5CD8EC8-4F0D-4476-8C54-5A0E73324E23}.Debug|Any CPU.ActiveCfg = Debug|Any CPU
		{A5CD8EC8-4F0D-4476-8C54-5A0E73324E23}.Debug|Any CPU.Build.0 = Debug|Any CPU
		{A5CD8EC8-4F0D-4476-8C54-5A0E73324E23}.Release|Any CPU.ActiveCfg = Release|Any CPU
		{A5CD8EC8-4F0D-4476-8C54-5A0E73324E23}.Release|Any CPU.Build.0 = Release|Any CPU
	EndGlobalSection
	GlobalSection(SolutionProperties) = preSolution
		HideSolutionNode = FALSE
	EndGlobalSection
	GlobalSection(ExtensibilityGlobals) = postSolution
		SolutionGuid = {5ED1E4B4-CF64-469E-94E3-5937A8DBC08B}
	EndGlobalSection
EndGlobal
